
Microsoft Visual Studio Solution File, Format Version 12.00
# Visual Studio Version 16
VisualStudioVersion = 16.0.30907.101
MinimumVisualStudioVersion = 10.0.40219.1
Project("{FAE04EC0-301F-11D3-BF4B-00C04F79EFBC}") = "Day19", "Day19.csproj", "{B2A3E18E-253A-4172-A1A4-732B9095D267}"
EndProject
Global
	GlobalSection(SolutionConfigurationPlatforms) = preSolution
		Debug|Any CPU = Debug|Any CPU
		Release|Any CPU = Release|Any CPU
	EndGlobalSection
	GlobalSection(ProjectConfigurationPlatforms) = postSolution
		{B2A3E18E-253A-4172-A1A4-732B9095D267}.Debug|Any CPU.ActiveCfg = Debug|Any CPU
		{B2A3E18E-253A-4172-A1A4-732B9095D267}.Debug|Any CPU.Build.0 = Debug|Any CPU
		{B2A3E18E-253A-4172-A1A4-732B9095D267}.Release|Any CPU.ActiveCfg = Release|Any CPU
		{B2A3E18E-253A-4172-A1A4-732B9095D267}.Release|Any CPU.Build.0 = Release|Any CPU
	EndGlobalSection
	GlobalSection(SolutionProperties) = preSolution
		HideSolutionNode = FALSE
	EndGlobalSection
	GlobalSection(ExtensibilityGlobals) = postSolution
		SolutionGuid = {840F9D65-6145-400E-AEB2-21FFB6571DBD}
	EndGlobalSection
EndGlobal
